{
  "version": 4,
  "terraform_version": "1.10.5",
  "serial": 19,
  "lineage": "4072d838-f36c-4d2c-f6af-e809b0f9b485",
  "outputs": {
    "vm_ip": {
      "value": "158.160.54.174",
      "type": "string"
    }
  },
  "resources": [
    {
      "mode": "managed",
      "type": "yandex_compute_instance",
      "name": "default",
      "provider": "provider[\"registry.terraform.io/yandex-cloud/yandex\"]",
      "instances": [
        {
          "schema_version": 1,
          "attributes": {
            "allow_recreate": null,
            "allow_stopping_for_update": null,
            "boot_disk": [
              {
                "auto_delete": true,
                "device_name": "fhm0rdlnudqjnnudt65g",
                "disk_id": "fhm0rdlnudqjnnudt65g",
                "initialize_params": [
                  {
                    "block_size": 4096,
                    "description": "",
                    "image_id": "fd85hkli5dp6as39ali4",
                    "kms_key_id": "",
                    "name": "",
                    "size": 10,
                    "snapshot_id": "",
                    "type": "network-hdd"
                  }
                ],
                "mode": "READ_WRITE"
              }
            ],
            "created_at": "2025-03-07T18:00:33Z",
            "description": "",
            "filesystem": [],
            "folder_id": "b1gfg86189j3v8nosfbs",
            "fqdn": "fhm1nba6q5m6era1aqm3.auto.internal",
            "gpu_cluster_id": "",
            "hardware_generation": [
              {
                "generation2_features": [],
                "legacy_features": [
                  {
                    "pci_topology": "PCI_TOPOLOGY_V1"
                  }
                ]
              }
            ],
            "hostname": "",
            "id": "fhm1nba6q5m6era1aqm3",
            "labels": null,
            "local_disk": [],
            "maintenance_grace_period": "",
            "maintenance_policy": null,
            "metadata": {
              "foo": "bar",
              "ssh-keys": "ubuntu:ssh-rsa AAAAB3NzaC1yc2EAAAADAQABAAABAQDE0i4y5DvX00vzIuwocNotY3hU1rSOUwVczJdDVPvtdKW206EQta1dy+q7S1JVo8hW6LECIi8muJW1pGBEPdSoXXwGN+2q/5QgnDD5lqsnrANnC/mf4kjCpGeqFqrmaUMwudToQSpfArAHds9ZqNA+OV++nVjIOFzhM95eZWuHtOeCL47QitEUT2WYuLzqAJDgfLNND60co66X3DRsxPpLUGxz6cuuC6SshAL8NQ9inO0ZmWQ2NUfB+1XPpHINVPw3Za7uz8zdKbCU8/Gzi6XQDNX5c+XBY+e7CspkrWWDWfjvaCp2QRaNZO6rTWNOAuFw88P/eU1UCRsm64fiPWMj your_email@example.com\n",
              "user-data": "datasource:\n  Ec2:\n    strict_id: false\nssh_pwauth: no\nusers:\n- name: user1\n  sudo: 'ALL=(ALL) NOPASSWD:ALL'\n  shell: /bin/bash\n  ssh_authorized_keys:\n  - ssh-rsa AAAAB3NzaC1yc2EAAAADAQABAAABAQDE0i4y5DvX00vzIuwocNotY3hU1rSOUwVczJdDVPvtdKW206EQta1dy+q7S1JVo8hW6LECIi8muJW1pGBEPdSoXXwGN+2q/5QgnDD5lqsnrANnC/mf4kjCpGeqFqrmaUMwudToQSpfArAHds9ZqNA+OV++nVjIOFzhM95eZWuHtOeCL47QitEUT2WYuLzqAJDgfLNND60co66X3DRsxPpLUGxz6cuuC6SshAL8NQ9inO0ZmWQ2NUfB+1XPpHINVPw3Za7uz8zdKbCU8/Gzi6XQDNX5c+XBY+e7CspkrWWDWfjvaCp2QRaNZO6rTWNOAuFw88P/eU1UCRsm64fiPWMj your_email@example.com\nruncmd: []"
            },
            "metadata_options": [
              {
                "aws_v1_http_endpoint": 1,
                "aws_v1_http_token": 2,
                "gce_http_endpoint": 1,
                "gce_http_token": 1
              }
            ],
            "name": "vm1",
            "network_acceleration_type": "standard",
            "network_interface": [
              {
                "dns_record": [],
                "index": 0,
                "ip_address": "10.5.0.19",
                "ipv4": true,
                "ipv6": false,
                "ipv6_address": "",
                "ipv6_dns_record": [],
                "mac_address": "d0:0d:1b:ad:46:d1",
                "nat": true,
                "nat_dns_record": [],
                "nat_ip_address": "158.160.54.174",
                "nat_ip_version": "IPV4",
                "security_group_ids": [],
                "subnet_id": "e9bmercg8a9jsloj2vej"
              }
            ],
            "placement_policy": [
              {
                "host_affinity_rules": [],
                "placement_group_id": "",
                "placement_group_partition": 0
              }
            ],
            "platform_id": "standard-v1",
            "resources": [
              {
                "core_fraction": 100,
                "cores": 2,
                "gpus": 0,
                "memory": 4
              }
            ],
            "scheduling_policy": [
              {
                "preemptible": false
              }
            ],
            "secondary_disk": [],
            "service_account_id": "",
            "status": "running",
            "timeouts": null,
            "zone": "ru-central1-a"
          },
          "sensitive_attributes": [],
          "private": "eyJlMmJmYjczMC1lY2FhLTExZTYtOGY4OC0zNDM2M2JjN2M0YzAiOnsiY3JlYXRlIjozMDAwMDAwMDAwMDAsImRlbGV0ZSI6MzAwMDAwMDAwMDAwLCJ1cGRhdGUiOjMwMDAwMDAwMDAwMH0sInNjaGVtYV92ZXJzaW9uIjoiMSJ9",
          "dependencies": [
            "yandex_vpc_network.foo",
            "yandex_vpc_subnet.foo"
          ]
        }
      ]
    },
    {
      "mode": "managed",
      "type": "yandex_vpc_network",
      "name": "foo",
      "provider": "provider[\"registry.terraform.io/yandex-cloud/yandex\"]",
      "instances": [
        {
          "schema_version": 0,
          "attributes": {
            "created_at": "2025-02-16T14:08:53Z",
            "default_security_group_id": "enp0vjjblkevrrshbsf4",
            "description": "",
            "folder_id": "b1gfg86189j3v8nosfbs",
            "id": "enp079flos68hjd4r8s2",
            "labels": {},
            "name": "",
            "subnet_ids": [
              "e9bmercg8a9jsloj2vej"
            ],
            "timeouts": null
          },
          "sensitive_attributes": [],
          "private": "eyJlMmJmYjczMC1lY2FhLTExZTYtOGY4OC0zNDM2M2JjN2M0YzAiOnsiY3JlYXRlIjo2MDAwMDAwMDAwMCwiZGVsZXRlIjo2MDAwMDAwMDAwMCwidXBkYXRlIjo2MDAwMDAwMDAwMH19"
        }
      ]
    },
    {
      "mode": "managed",
      "type": "yandex_vpc_subnet",
      "name": "foo",
      "provider": "provider[\"registry.terraform.io/yandex-cloud/yandex\"]",
      "instances": [
        {
          "schema_version": 0,
          "attributes": {
            "created_at": "2025-02-16T14:08:55Z",
            "description": "",
            "dhcp_options": [],
            "folder_id": "b1gfg86189j3v8nosfbs",
            "id": "e9bmercg8a9jsloj2vej",
            "labels": {},
            "name": "",
            "network_id": "enp079flos68hjd4r8s2",
            "route_table_id": "",
            "timeouts": null,
            "v4_cidr_blocks": [
              "10.5.0.0/24"
            ],
            "v6_cidr_blocks": [],
            "zone": "ru-central1-a"
          },
          "sensitive_attributes": [],
          "private": "eyJlMmJmYjczMC1lY2FhLTExZTYtOGY4OC0zNDM2M2JjN2M0YzAiOnsiY3JlYXRlIjoxODAwMDAwMDAwMDAsImRlbGV0ZSI6MTgwMDAwMDAwMDAwLCJ1cGRhdGUiOjE4MDAwMDAwMDAwMH19",
          "dependencies": [
            "yandex_vpc_network.foo"
          ]
        }
      ]
    }
  ],
  "check_results": null
}
